{
  "name": "react-leaflet-ymaps",
  "version": "1.0.0",
  "lockfileVersion": 2,
  "requires": true,
  "packages": {
    "": {
      "name": "react-leaflet-ymaps",
      "version": "1.0.0",
      "license": "ISC",
      "dependencies": {
        "leaflet": "^1.8.0",
        "react-leaflet": "^4.0.0",
        "typescript": "^4.6.4",
        "ymaps": "^0.2.1"
      },
      "devDependencies": {
        "@types/leaflet": "^1.7.10",
        "@types/react-leaflet": "^2.8.2"
      }
    },
    "node_modules/@react-leaflet/core": {
      "version": "2.0.0",
      "resolved": "https://registry.npmjs.org/@react-leaflet/core/-/core-2.0.0.tgz",
      "integrity": "sha512-SQQ5DCQIaLzvslN6wCXs5OWqtlvk1Ubv2n5d7zTM8SDl9hM5Rr2wVy7/nOCIY958D75/ovhq6ZoSvT7GLCX6sg==",
      "peerDependencies": {
        "leaflet": "^1.8.0",
        "react": "^18.0.0",
        "react-dom": "^18.0.0"
      }
    },
    "node_modules/@types/geojson": {
      "version": "7946.0.8",
      "resolved": "https://registry.npmjs.org/@types/geojson/-/geojson-7946.0.8.tgz",
      "integrity": "sha512-1rkryxURpr6aWP7R786/UQOkJ3PcpQiWkAXBmdWc7ryFWqN6a4xfK7BtjXvFBKO9LjQ+MWQSWxYeZX1OApnArA==",
      "dev": true
    },
    "node_modules/@types/leaflet": {
      "version": "1.7.10",
      "resolved": "https://registry.npmjs.org/@types/leaflet/-/leaflet-1.7.10.tgz",
      "integrity": "sha512-RzK5BYwYboOXXxyF01tp8g1J8UbdRvoaf+F/jCnVaWC42+QITB6wKvUklcX7jCMRWkzTnGO9NLg7A6SzrlGALA==",
      "dev": true,
      "dependencies": {
        "@types/geojson": "*"
      }
    },
    "node_modules/@types/prop-types": {
      "version": "15.7.5",
      "resolved": "https://registry.npmjs.org/@types/prop-types/-/prop-types-15.7.5.tgz",
      "integrity": "sha512-JCB8C6SnDoQf0cNycqd/35A7MjcnK+ZTqE7judS6o7utxUCg6imJg3QK2qzHKszlTjcj2cn+NwMB2i96ubpj7w==",
      "dev": true
    },
    "node_modules/@types/react": {
      "version": "18.0.9",
      "resolved": "https://registry.npmjs.org/@types/react/-/react-18.0.9.tgz",
      "integrity": "sha512-9bjbg1hJHUm4De19L1cHiW0Jvx3geel6Qczhjd0qY5VKVE2X5+x77YxAepuCwVh4vrgZJdgEJw48zrhRIeF4Nw==",
      "dev": true,
      "dependencies": {
        "@types/prop-types": "*",
        "@types/scheduler": "*",
        "csstype": "^3.0.2"
      }
    },
    "node_modules/@types/react-leaflet": {
      "version": "2.8.2",
      "resolved": "https://registry.npmjs.org/@types/react-leaflet/-/react-leaflet-2.8.2.tgz",
      "integrity": "sha512-Iel8Vd1bSCD38Yhiqcmm/+9hjPEdd39LFE3tBMbOytq3QAQsC3LDrbo6ifoh8JbpqPbCsQPo9Wx5OELHixEShg==",
      "dev": true,
      "dependencies": {
        "@types/leaflet": "*",
        "@types/react": "*"
      }
    },
    "node_modules/@types/scheduler": {
      "version": "0.16.2",
      "resolved": "https://registry.npmjs.org/@types/scheduler/-/scheduler-0.16.2.tgz",
      "integrity": "sha512-hppQEBDmlwhFAXKJX2KnWLYu5yMfi91yazPb2l+lbJiwW+wdo1gNeRA+3RgNSO39WYX2euey41KEwnqesU2Jew==",
      "dev": true
    },
    "node_modules/csstype": {
      "version": "3.0.11",
      "resolved": "https://registry.npmjs.org/csstype/-/csstype-3.0.11.tgz",
      "integrity": "sha512-sa6P2wJ+CAbgyy4KFssIb/JNMLxFvKF1pCYCSXS8ZMuqZnMsrxqI2E5sPyoTpxoPU/gVZMzr2zjOfg8GIZOMsw==",
      "dev": true
    },
    "node_modules/js-tokens": {
      "version": "4.0.0",
      "resolved": "https://registry.npmjs.org/js-tokens/-/js-tokens-4.0.0.tgz",
      "integrity": "sha512-RdJUflcE3cUzKiMqQgsCu06FPu9UdIJO0beYbPhHN4k6apgJtifcoCtT9bcxOpYBtpD2kCM6Sbzg4CausW/PKQ==",
      "peer": true
    },
    "node_modules/leaflet": {
      "version": "1.8.0",
      "resolved": "https://registry.npmjs.org/leaflet/-/leaflet-1.8.0.tgz",
      "integrity": "sha512-gwhMjFCQiYs3x/Sf+d49f10ERXaEFCPr+nVTryhAW8DWbMGqJqt9G4XuIaHmFW08zYvhgdzqXGr8AlW8v8dQkA=="
    },
    "node_modules/loose-envify": {
      "version": "1.4.0",
      "resolved": "https://registry.npmjs.org/loose-envify/-/loose-envify-1.4.0.tgz",
      "integrity": "sha512-lyuxPGr/Wfhrlem2CL/UcnUc1zcqKAImBDzukY7Y5F/yQiNdko6+fRLevlw1HgMySw7f611UIY408EtxRSoK3Q==",
      "peer": true,
      "dependencies": {
        "js-tokens": "^3.0.0 || ^4.0.0"
      },
      "bin": {
        "loose-envify": "cli.js"
      }
    },
    "node_modules/react": {
      "version": "18.1.0",
      "resolved": "https://registry.npmjs.org/react/-/react-18.1.0.tgz",
      "integrity": "sha512-4oL8ivCz5ZEPyclFQXaNksK3adutVS8l2xzZU0cqEFrE9Sb7fC0EFK5uEk74wIreL1DERyjvsU915j1pcT2uEQ==",
      "peer": true,
      "dependencies": {
        "loose-envify": "^1.1.0"
      },
      "engines": {
        "node": ">=0.10.0"
      }
    },
    "node_modules/react-dom": {
      "version": "18.1.0",
      "resolved": "https://registry.npmjs.org/react-dom/-/react-dom-18.1.0.tgz",
      "integrity": "sha512-fU1Txz7Budmvamp7bshe4Zi32d0ll7ect+ccxNu9FlObT605GOEB8BfO4tmRJ39R5Zj831VCpvQ05QPBW5yb+w==",
      "peer": true,
      "dependencies": {
        "loose-envify": "^1.1.0",
        "scheduler": "^0.22.0"
      },
      "peerDependencies": {
        "react": "^18.1.0"
      }
    },
    "node_modules/react-leaflet": {
      "version": "4.0.0",
      "resolved": "https://registry.npmjs.org/react-leaflet/-/react-leaflet-4.0.0.tgz",
      "integrity": "sha512-qJJvoCNe12XHSWVUwhXYmMObPoSYy8h/hn0aDNvcBuq3O8zmVI5S2RdabhaDg/iWMCJ2jbCWZWtIU5VtztO9sg==",
      "dependencies": {
        "@react-leaflet/core": "^2.0.0"
      },
      "peerDependencies": {
        "leaflet": "^1.8.0",
        "react": "^18.0.0",
        "react-dom": "^18.0.0"
      }
    },
    "node_modules/scheduler": {
      "version": "0.22.0",
      "resolved": "https://registry.npmjs.org/scheduler/-/scheduler-0.22.0.tgz",
      "integrity": "sha512-6QAm1BgQI88NPYymgGQLCZgvep4FyePDWFpXVK+zNSUgHwlqpJy8VEh8Et0KxTACS4VWwMousBElAZOH9nkkoQ==",
      "peer": true,
      "dependencies": {
        "loose-envify": "^1.1.0"
      }
    },
    "node_modules/typescript": {
      "version": "4.6.4",
      "resolved": "https://registry.npmjs.org/typescript/-/typescript-4.6.4.tgz",
      "integrity": "sha512-9ia/jWHIEbo49HfjrLGfKbZSuWo9iTMwXO+Ca3pRsSpbsMbc7/IU8NKdCZVRRBafVPGnoJeFL76ZOAA84I9fEg==",
      "bin": {
        "tsc": "bin/tsc",
        "tsserver": "bin/tsserver"
      },
      "engines": {
        "node": ">=4.2.0"
      }
    },
    "node_modules/ymaps": {
      "version": "0.2.1",
      "resolved": "https://registry.npmjs.org/ymaps/-/ymaps-0.2.1.tgz",
      "integrity": "sha512-7PXl4mwipFyqBuyWsphOEEP+9wlkIyNKcXlhrWi+mX8R9m9Fz1bNdPGSMdAw3zTZRq4vjOQ7WIFFCvf7Q5UX/A=="
    }
  },
  "dependencies": {
    "@react-leaflet/core": {
      "version": "2.0.0",
      "resolved": "https://registry.npmjs.org/@react-leaflet/core/-/core-2.0.0.tgz",
      "integrity": "sha512-SQQ5DCQIaLzvslN6wCXs5OWqtlvk1Ubv2n5d7zTM8SDl9hM5Rr2wVy7/nOCIY958D75/ovhq6ZoSvT7GLCX6sg==",
      "requires": {}
    },
    "@types/geojson": {
      "version": "7946.0.8",
      "resolved": "https://registry.npmjs.org/@types/geojson/-/geojson-7946.0.8.tgz",
      "integrity": "sha512-1rkryxURpr6aWP7R786/UQOkJ3PcpQiWkAXBmdWc7ryFWqN6a4xfK7BtjXvFBKO9LjQ+MWQSWxYeZX1OApnArA==",
      "dev": true
    },
    "@types/leaflet": {
      "version": "1.7.10",
      "resolved": "https://registry.npmjs.org/@types/leaflet/-/leaflet-1.7.10.tgz",
      "integrity": "sha512-RzK5BYwYboOXXxyF01tp8g1J8UbdRvoaf+F/jCnVaWC42+QITB6wKvUklcX7jCMRWkzTnGO9NLg7A6SzrlGALA==",
      "dev": true,
      "requires": {
        "@types/geojson": "*"
      }
    },
    "@types/prop-types": {
      "version": "15.7.5",
      "resolved": "https://registry.npmjs.org/@types/prop-types/-/prop-types-15.7.5.tgz",
      "integrity": "sha512-JCB8C6SnDoQf0cNycqd/35A7MjcnK+ZTqE7judS6o7utxUCg6imJg3QK2qzHKszlTjcj2cn+NwMB2i96ubpj7w==",
      "dev": true
    },
    "@types/react": {
      "version": "18.0.9",
      "resolved": "https://registry.npmjs.org/@types/react/-/react-18.0.9.tgz",
      "integrity": "sha512-9bjbg1hJHUm4De19L1cHiW0Jvx3geel6Qczhjd0qY5VKVE2X5+x77YxAepuCwVh4vrgZJdgEJw48zrhRIeF4Nw==",
      "dev": true,
      "requires": {
        "@types/prop-types": "*",
        "@types/scheduler": "*",
        "csstype": "^3.0.2"
      }
    },
    "@types/react-leaflet": {
      "version": "2.8.2",
      "resolved": "https://registry.npmjs.org/@types/react-leaflet/-/react-leaflet-2.8.2.tgz",
      "integrity": "sha512-Iel8Vd1bSCD38Yhiqcmm/+9hjPEdd39LFE3tBMbOytq3QAQsC3LDrbo6ifoh8JbpqPbCsQPo9Wx5OELHixEShg==",
      "dev": true,
      "requires": {
        "@types/leaflet": "*",
        "@types/react": "*"
      }
    },
    "@types/scheduler": {
      "version": "0.16.2",
      "resolved": "https://registry.npmjs.org/@types/scheduler/-/scheduler-0.16.2.tgz",
      "integrity": "sha512-hppQEBDmlwhFAXKJX2KnWLYu5yMfi91yazPb2l+lbJiwW+wdo1gNeRA+3RgNSO39WYX2euey41KEwnqesU2Jew==",
      "dev": true
    },
    "csstype": {
      "version": "3.0.11",
      "resolved": "https://registry.npmjs.org/csstype/-/csstype-3.0.11.tgz",
      "integrity": "sha512-sa6P2wJ+CAbgyy4KFssIb/JNMLxFvKF1pCYCSXS8ZMuqZnMsrxqI2E5sPyoTpxoPU/gVZMzr2zjOfg8GIZOMsw==",
      "dev": true
    },
    "js-tokens": {
      "version": "4.0.0",
      "resolved": "https://registry.npmjs.org/js-tokens/-/js-tokens-4.0.0.tgz",
      "integrity": "sha512-RdJUflcE3cUzKiMqQgsCu06FPu9UdIJO0beYbPhHN4k6apgJtifcoCtT9bcxOpYBtpD2kCM6Sbzg4CausW/PKQ==",
      "peer": true
    },
    "leaflet": {
      "version": "1.8.0",
      "resolved": "https://registry.npmjs.org/leaflet/-/leaflet-1.8.0.tgz",
      "integrity": "sha512-gwhMjFCQiYs3x/Sf+d49f10ERXaEFCPr+nVTryhAW8DWbMGqJqt9G4XuIaHmFW08zYvhgdzqXGr8AlW8v8dQkA=="
    },
    "loose-envify": {
      "version": "1.4.0",
      "resolved": "https://registry.npmjs.org/loose-envify/-/loose-envify-1.4.0.tgz",
      "integrity": "sha512-lyuxPGr/Wfhrlem2CL/UcnUc1zcqKAImBDzukY7Y5F/yQiNdko6+fRLevlw1HgMySw7f611UIY408EtxRSoK3Q==",
      "peer": true,
      "requires": {
        "js-tokens": "^3.0.0 || ^4.0.0"
      }
    },
    "react": {
      "version": "18.1.0",
      "resolved": "https://registry.npmjs.org/react/-/react-18.1.0.tgz",
      "integrity": "sha512-4oL8ivCz5ZEPyclFQXaNksK3adutVS8l2xzZU0cqEFrE9Sb7fC0EFK5uEk74wIreL1DERyjvsU915j1pcT2uEQ==",
      "peer": true,
      "requires": {
        "loose-envify": "^1.1.0"
      }
    },
    "react-dom": {
      "version": "18.1.0",
      "resolved": "https://registry.npmjs.org/react-dom/-/react-dom-18.1.0.tgz",
      "integrity": "sha512-fU1Txz7Budmvamp7bshe4Zi32d0ll7ect+ccxNu9FlObT605GOEB8BfO4tmRJ39R5Zj831VCpvQ05QPBW5yb+w==",
      "peer": true,
      "requires": {
        "loose-envify": "^1.1.0",
        "scheduler": "^0.22.0"
      }
    },
    "react-leaflet": {
      "version": "4.0.0",
      "resolved": "https://registry.npmjs.org/react-leaflet/-/react-leaflet-4.0.0.tgz",
      "integrity": "sha512-qJJvoCNe12XHSWVUwhXYmMObPoSYy8h/hn0aDNvcBuq3O8zmVI5S2RdabhaDg/iWMCJ2jbCWZWtIU5VtztO9sg==",
      "requires": {
        "@react-leaflet/core": "^2.0.0"
      }
    },
    "scheduler": {
      "version": "0.22.0",
      "resolved": "https://registry.npmjs.org/scheduler/-/scheduler-0.22.0.tgz",
      "integrity": "sha512-6QAm1BgQI88NPYymgGQLCZgvep4FyePDWFpXVK+zNSUgHwlqpJy8VEh8Et0KxTACS4VWwMousBElAZOH9nkkoQ==",
      "peer": true,
      "requires": {
        "loose-envify": "^1.1.0"
      }
    },
    "typescript": {
      "version": "4.6.4",
      "resolved": "https://registry.npmjs.org/typescript/-/typescript-4.6.4.tgz",
      "integrity": "sha512-9ia/jWHIEbo49HfjrLGfKbZSuWo9iTMwXO+Ca3pRsSpbsMbc7/IU8NKdCZVRRBafVPGnoJeFL76ZOAA84I9fEg=="
    },
    "ymaps": {
      "version": "0.2.1",
      "resolved": "https://registry.npmjs.org/ymaps/-/ymaps-0.2.1.tgz",
      "integrity": "sha512-7PXl4mwipFyqBuyWsphOEEP+9wlkIyNKcXlhrWi+mX8R9m9Fz1bNdPGSMdAw3zTZRq4vjOQ7WIFFCvf7Q5UX/A=="
    }
  }
}
